
Microsoft Visual Studio Solution File, Format Version 12.00
# Visual Studio 15
VisualStudioVersion = 15.0.28010.2050
MinimumVisualStudioVersion = 10.0.40219.1
Project("{FAE04EC0-301F-11D3-BF4B-00C04F79EFBC}") = "WebApplication1", "WebApplication1\WebApplication1.csproj", "{E45A306A-E319-43DE-8192-2D5B6D88AF89}"
EndProject
Project("{FAE04EC0-301F-11D3-BF4B-00C04F79EFBC}") = "UnitTestProject1", "UnitTestProject1\UnitTestProject1.csproj", "{CBE384F0-7268-4451-A8B1-8812DD6235FA}"
EndProject
Global
	GlobalSection(SolutionConfigurationPlatforms) = preSolution
		Debug|Any CPU = Debug|Any CPU
		Release|Any CPU = Release|Any CPU
	EndGlobalSection
	GlobalSection(ProjectConfigurationPlatforms) = postSolution
		{E45A306A-E319-43DE-8192-2D5B6D88AF89}.Debug|Any CPU.ActiveCfg = Debug|Any CPU
		{E45A306A-E319-43DE-8192-2D5B6D88AF89}.Debug|Any CPU.Build.0 = Debug|Any CPU
		{E45A306A-E319-43DE-8192-2D5B6D88AF89}.Release|Any CPU.ActiveCfg = Release|Any CPU
		{E45A306A-E319-43DE-8192-2D5B6D88AF89}.Release|Any CPU.Build.0 = Release|Any CPU
		{CBE384F0-7268-4451-A8B1-8812DD6235FA}.Debug|Any CPU.ActiveCfg = Debug|Any CPU
		{CBE384F0-7268-4451-A8B1-8812DD6235FA}.Debug|Any CPU.Build.0 = Debug|Any CPU
		{CBE384F0-7268-4451-A8B1-8812DD6235FA}.Release|Any CPU.ActiveCfg = Release|Any CPU
		{CBE384F0-7268-4451-A8B1-8812DD6235FA}.Release|Any CPU.Build.0 = Release|Any CPU
	EndGlobalSection
	GlobalSection(SolutionProperties) = preSolution
		HideSolutionNode = FALSE
	EndGlobalSection
	GlobalSection(ExtensibilityGlobals) = postSolution
		SolutionGuid = {19566021-5D89-4302-9949-914B310EE47E}
	EndGlobalSection
EndGlobal
